// !$*UTF8*$!
{
	archiveVersion = 1;
	classes = {
	};
	objectVersion = 46;
	objects = {

/* Begin PBXBuildFile section */
		F7C3079D1D0EB5260044177C /* AppDelegate.swift in Sources */ = {isa = PBXBuildFile; fileRef = F7C3079C1D0EB5260044177C /* AppDelegate.swift */; };
		F7C3079F1D0EB5260044177C /* ViewController.swift in Sources */ = {isa = PBXBuildFile; fileRef = F7C3079E1D0EB5260044177C /* ViewController.swift */; };
		F7C307A21D0EB5260044177C /* Main.storyboard in Resources */ = {isa = PBXBuildFile; fileRef = F7C307A01D0EB5260044177C /* Main.storyboard */; };
		F7C307A41D0EB5260044177C /* Assets.xcassets in Resources */ = {isa = PBXBuildFile; fileRef = F7C307A31D0EB5260044177C /* Assets.xcassets */; };
		F7C307A71D0EB5260044177C /* LaunchScreen.storyboard in Resources */ = {isa = PBXBuildFile; fileRef = F7C307A51D0EB5260044177C /* LaunchScreen.storyboard */; };
		F7C307B21D0EB5260044177C /* CLCircleStrokeExampleTests.swift in Sources */ = {isa = PBXBuildFile; fileRef = F7C307B11D0EB5260044177C /* CLCircleStrokeExampleTests.swift */; };
		F7C307BD1D0F9BCD0044177C /* CLCircleStrokeView.swift in Sources */ = {isa = PBXBuildFile; fileRef = F7C307BC1D0F9BCD0044177C /* CLCircleStrokeView.swift */; };
/* End PBXBuildFile section */

/* Begin PBXContainerItemProxy section */
		F7C307AE1D0EB5260044177C /* PBXContainerItemProxy */ = {
			isa = PBXContainerItemProxy;
			containerPortal = F7C307911D0EB5260044177C /* Project object */;
			proxyType = 1;
			remoteGlobalIDString = F7C307981D0EB5260044177C;
			remoteInfo = CLCircleStrokeExample;
		};
/* End PBXContainerItemProxy section */

/* Begin PBXFileReference section */
		F7C307991D0EB5260044177C /* CLCircleStrokeExample.app */ = {isa = PBXFileReference; explicitFileType = wrapper.application; includeInIndex = 0; path = CLCircleStrokeExample.app; sourceTree = BUILT_PRODUCTS_DIR; };
		F7C3079C1D0EB5260044177C /* AppDelegate.swift */ = {isa = PBXFileReference; lastKnownFileType = sourcecode.swift; path = AppDelegate.swift; sourceTree = "<group>"; };
		F7C3079E1D0EB5260044177C /* ViewController.swift */ = {isa = PBXFileReference; lastKnownFileType = sourcecode.swift; path = ViewController.swift; sourceTree = "<group>"; };
		F7C307A11D0EB5260044177C /* Base */ = {isa = PBXFileReference; lastKnownFileType = file.storyboard; name = Base; path = Base.lproj/Main.storyboard; sourceTree = "<group>"; };
		F7C307A31D0EB5260044177C /* Assets.xcassets */ = {isa = PBXFileReference; lastKnownFileType = folder.assetcatalog; path = Assets.xcassets; sourceTree = "<group>"; };
		F7C307A61D0EB5260044177C /* Base */ = {isa = PBXFileReference; lastKnownFileType = file.storyboard; name = Base; path = Base.lproj/LaunchScreen.storyboard; sourceTree = "<group>"; };
		F7C307A81D0EB5260044177C /* Info.plist */ = {isa = PBXFileReference; lastKnownFileType = text.plist.xml; path = Info.plist; sourceTree = "<group>"; };
		F7C307AD1D0EB5260044177C /* CLCircleStrokeExampleTests.xctest */ = {isa = PBXFileReference; explicitFileType = wrapper.cfbundle; includeInIndex = 0; path = CLCircleStrokeExampleTests.xctest; sourceTree = BUILT_PRODUCTS_DIR; };
		F7C307B11D0EB5260044177C /* CLCircleStrokeExampleTests.swift */ = {isa = PBXFileReference; lastKnownFileType = sourcecode.swift; path = CLCircleStrokeExampleTests.swift; sourceTree = "<group>"; };
		F7C307B31D0EB5260044177C /* Info.plist */ = {isa = PBXFileReference; lastKnownFileType = text.plist.xml; path = Info.plist; sourceTree = "<group>"; };
		F7C307BC1D0F9BCD0044177C /* CLCircleStrokeView.swift */ = {isa = PBXFileReference; fileEncoding = 4; lastKnownFileType = sourcecode.swift; path = CLCircleStrokeView.swift; sourceTree = "<group>"; };
/* End PBXFileReference section */

/* Begin PBXFrameworksBuildPhase section */
		F7C307961D0EB5260044177C /* Frameworks */ = {
			isa = PBXFrameworksBuildPhase;
			buildActionMask = 2147483647;
			files = (
			);
			runOnlyForDeploymentPostprocessing = 0;
		};
		F7C307AA1D0EB5260044177C /* Frameworks */ = {
			isa = PBXFrameworksBuildPhase;
			buildActionMask = 2147483647;
			files = (
			);
			runOnlyForDeploymentPostprocessing = 0;
		};
/* End PBXFrameworksBuildPhase section */

/* Begin PBXGroup section */
		F7C307901D0EB5260044177C = {
			isa = PBXGroup;
			children = (
				F7C3079B1D0EB5260044177C /* CLCircleStrokeExample */,
				F7C307B01D0EB5260044177C /* CLCircleStrokeExampleTests */,
				F7C3079A1D0EB5260044177C /* Products */,
			);
			sourceTree = "<group>";
		};
		F7C3079A1D0EB5260044177C /* Products */ = {
			isa = PBXGroup;
			children = (
				F7C307991D0EB5260044177C /* CLCircleStrokeExample.app */,
				F7C307AD1D0EB5260044177C /* CLCircleStrokeExampleTests.xctest */,
			);
			name = Products;
			sourceTree = "<group>";
		};
		F7C3079B1D0EB5260044177C /* CLCircleStrokeExample */ = {
			isa = PBXGroup;
			children = (
				F7C3079C1D0EB5260044177C /* AppDelegate.swift */,
				F7C3079E1D0EB5260044177C /* ViewController.swift */,
				F7C307BC1D0F9BCD0044177C /* CLCircleStrokeView.swift */,
				F7C307A01D0EB5260044177C /* Main.storyboard */,
				F7C307A31D0EB5260044177C /* Assets.xcassets */,
				F7C307A51D0EB5260044177C /* LaunchScreen.storyboard */,
				F7C307A81D0EB5260044177C /* Info.plist */,
			);
			path = CLCircleStrokeExample;
			sourceTree = "<group>";
		};
		F7C307B01D0EB5260044177C /* CLCircleStrokeExampleTests */ = {
			isa = PBXGroup;
			children = (
				F7C307B11D0EB5260044177C /* CLCircleStrokeExampleTests.swift */,
				F7C307B31D0EB5260044177C /* Info.plist */,
			);
			path = CLCircleStrokeExampleTests;
			sourceTree = "<group>";
		};
/* End PBXGroup section */

/* Begin PBXNativeTarget section */
		F7C307981D0EB5260044177C /* CLCircleStrokeExample */ = {
			isa = PBXNativeTarget;
			buildConfigurationList = F7C307B61D0EB5260044177C /* Build configuration list for PBXNativeTarget "CLCircleStrokeExample" */;
			buildPhases = (
				F7C307951D0EB5260044177C /* Sources */,
				F7C307961D0EB5260044177C /* Frameworks */,
				F7C307971D0EB5260044177C /* Resources */,
			);
			buildRules = (
			);
			dependencies = (
			);
			name = CLCircleStrokeExample;
			productName = CLCircleStrokeExample;
			productReference = F7C307991D0EB5260044177C /* CLCircleStrokeExample.app */;
			productType = "com.apple.product-type.application";
		};
		F7C307AC1D0EB5260044177C /* CLCircleStrokeExampleTests */ = {
			isa = PBXNativeTarget;
			buildConfigurationList = F7C307B91D0EB5260044177C /* Build configuration list for PBXNativeTarget "CLCircleStrokeExampleTests" */;
			buildPhases = (
				F7C307A91D0EB5260044177C /* Sources */,
				F7C307AA1D0EB5260044177C /* Frameworks */,
				F7C307AB1D0EB5260044177C /* Resources */,
			);
			buildRules = (
			);
			dependencies = (
				F7C307AF1D0EB5260044177C /* PBXTargetDependency */,
			);
			name = CLCircleStrokeExampleTests;
			productName = CLCircleStrokeExampleTests;
			productReference = F7C307AD1D0EB5260044177C /* CLCircleStrokeExampleTests.xctest */;
			productType = "com.apple.product-type.bundle.unit-test";
		};
/* End PBXNativeTarget section */

/* Begin PBXProject section */
		F7C307911D0EB5260044177C /* Project object */ = {
			isa = PBXProject;
			attributes = {
				LastSwiftUpdateCheck = 0730;
				LastUpgradeCheck = 0730;
				ORGANIZATIONNAME = cailei;
				TargetAttributes = {
					F7C307981D0EB5260044177C = {
						CreatedOnToolsVersion = 7.3;
					};
					F7C307AC1D0EB5260044177C = {
						CreatedOnToolsVersion = 7.3;
						TestTargetID = F7C307981D0EB5260044177C;
					};
				};
			};
			buildConfigurationList = F7C307941D0EB5260044177C /* Build configuration list for PBXProject "CLCircleStrokeExample" */;
			compatibilityVersion = "Xcode 3.2";
			developmentRegion = English;
			hasScannedForEncodings = 0;
			knownRegions = (
				en,
				Base,
			);
			mainGroup = F7C307901D0EB5260044177C;
			productRefGroup = F7C3079A1D0EB5260044177C /* Products */;
			projectDirPath = "";
			projectRoot = "";
			targets = (
				F7C307981D0EB5260044177C /* CLCircleStrokeExample */,
				F7C307AC1D0EB5260044177C /* CLCircleStrokeExampleTests */,
			);
		};
/* End PBXProject section */

/* Begin PBXResourcesBuildPhase section */
		F7C307971D0EB5260044177C /* Resources */ = {
			isa = PBXResourcesBuildPhase;
			buildActionMask = 2147483647;
			files = (
				F7C307A71D0EB5260044177C /* LaunchScreen.storyboard in Resources */,
				F7C307A41D0EB5260044177C /* Assets.xcassets in Resources */,
				F7C307A21D0EB5260044177C /* Main.storyboard in Resources */,
			);
			runOnlyForDeploymentPostprocessing = 0;
		};
		F7C307AB1D0EB5260044177C /* Resources */ = {
			isa = PBXResourcesBuildPhase;
			buildActionMask = 2147483647;
			files = (
			);
			runOnlyForDeploymentPostprocessing = 0;
		};
/* End PBXResourcesBuildPhase section */

/* Begin PBXSourcesBuildPhase section */
		F7C307951D0EB5260044177C /* Sources */ = {
			isa = PBXSourcesBuildPhase;
			buildActionMask = 2147483647;
			files = (
				F7C3079F1D0EB5260044177C /* ViewController.swift in Sources */,
				F7C3079D1D0EB5260044177C /* AppDelegate.swift in Sources */,
				F7C307BD1D0F9BCD0044177C /* CLCircleStrokeView.swift in Sources */,
			);
			runOnlyForDeploymentPostprocessing = 0;
		};
		F7C307A91D0EB5260044177C /* Sources */ = {
			isa = PBXSourcesBuildPhase;
			buildActionMask = 2147483647;
			files = (
				F7C307B21D0EB5260044177C /* CLCircleStrokeExampleTests.swift in Sources */,
			);
			runOnlyForDeploymentPostprocessing = 0;
		};
/* End PBXSourcesBuildPhase section */

/* Begin PBXTargetDependency section */
		F7C307AF1D0EB5260044177C /* PBXTargetDependency */ = {
			isa = PBXTargetDependency;
			target = F7C307981D0EB5260044177C /* CLCircleStrokeExample */;
			targetProxy = F7C307AE1D0EB5260044177C /* PBXContainerItemProxy */;
		};
/* End PBXTargetDependency section */

/* Begin PBXVariantGroup section */
		F7C307A01D0EB5260044177C /* Main.storyboard */ = {
			isa = PBXVariantGroup;
			children = (
				F7C307A11D0EB5260044177C /* Base */,
			);
			name = Main.storyboard;
			sourceTree = "<group>";
		};
		F7C307A51D0EB5260044177C /* LaunchScreen.storyboard */ = {
			isa = PBXVariantGroup;
			children = (
				F7C307A61D0EB5260044177C /* Base */,
			);
			name = LaunchScreen.storyboard;
			sourceTree = "<group>";
		};
/* End PBXVariantGroup section */

/* Begin XCBuildConfiguration section */
		F7C307B41D0EB5260044177C /* Debug */ = {
			isa = XCBuildConfiguration;
			buildSettings = {
				ALWAYS_SEARCH_USER_PATHS = NO;
				CLANG_ANALYZER_NONNULL = YES;
				CLANG_CXX_LANGUAGE_STANDARD = "gnu++0x";
				CLANG_CXX_LIBRARY = "libc++";
				CLANG_ENABLE_MODULES = YES;
				CLANG_ENABLE_OBJC_ARC = YES;
				CLANG_WARN_BOOL_CONVERSION = YES;
				CLANG_WARN_CONSTANT_CONVERSION = YES;
				CLANG_WARN_DIRECT_OBJC_ISA_USAGE = YES_ERROR;
				CLANG_WARN_EMPTY_BODY = YES;
				CLANG_WARN_ENUM_CONVERSION = YES;
				CLANG_WARN_INT_CONVERSION = YES;
				CLANG_WARN_OBJC_ROOT_CLASS = YES_ERROR;
				CLANG_WARN_UNREACHABLE_CODE = YES;
				CLANG_WARN__DUPLICATE_METHOD_MATCH = YES;
				"CODE_SIGN_IDENTITY[sdk=iphoneos*]" = "iPhone Developer";
				COPY_PHASE_STRIP = NO;
				DEBUG_INFORMATION_FORMAT = dwarf;
				ENABLE_STRICT_OBJC_MSGSEND = YES;
				ENABLE_TESTABILITY = YES;
				GCC_C_LANGUAGE_STANDARD = gnu99;
				GCC_DYNAMIC_NO_PIC = NO;
				GCC_NO_COMMON_BLOCKS = YES;
				GCC_OPTIMIZATION_LEVEL = 0;
				GCC_PREPROCESSOR_DEFINITIONS = (
					"DEBUG=1",
					"$(inherited)",
				);
				GCC_WARN_64_TO_32_BIT_CONVERSION = YES;
				GCC_WARN_ABOUT_RETURN_TYPE = YES_ERROR;
				GCC_WARN_UNDECLARED_SELECTOR = YES;
				GCC_WARN_UNINITIALIZED_AUTOS = YES_AGGRESSIVE;
				GCC_WARN_UNUSED_FUNCTION = YES;
				GCC_WARN_UNUSED_VARIABLE = YES;
				IPHONEOS_DEPLOYMENT_TARGET = 9.3;
				MTL_ENABLE_DEBUG_INFO = YES;
				ONLY_ACTIVE_ARCH = YES;
				SDKROOT = iphoneos;
				SWIFT_OPTIMIZATION_LEVEL = "-Onone";
			};
			name = Debug;
		};
		F7C307B51D0EB5260044177C /* Release */ = {
			isa = XCBuildConfiguration;
			buildSettings = {
				ALWAYS_SEARCH_USER_PATHS = NO;
				CLANG_ANALYZER_NONNULL = YES;
				CLANG_CXX_LANGUAGE_STANDARD = "gnu++0x";
				CLANG_CXX_LIBRARY = "libc++";
				CLANG_ENABLE_MODULES = YES;
				CLANG_ENABLE_OBJC_ARC = YES;
				CLANG_WARN_BOOL_CONVERSION = YES;
				CLANG_WARN_CONSTANT_CONVERSION = YES;
				CLANG_WARN_DIRECT_OBJC_ISA_USAGE = YES_ERROR;
				CLANG_WARN_EMPTY_BODY = YES;
				CLANG_WARN_ENUM_CONVERSION = YES;
				CLANG_WARN_INT_CONVERSION = YES;
				CLANG_WARN_OBJC_ROOT_CLASS = YES_ERROR;
				CLANG_WARN_UNREACHABLE_CODE = YES;
				CLANG_WARN__DUPLICATE_METHOD_MATCH = YES;
				"CODE_SIGN_IDENTITY[sdk=iphoneos*]" = "iPhone Developer";
				COPY_PHASE_STRIP = NO;
				DEBUG_INFORMATION_FORMAT = "dwarf-with-dsym";
				ENABLE_NS_ASSERTIONS = NO;
				ENABLE_STRICT_OBJC_MSGSEND = YES;
				GCC_C_LANGUAGE_STANDARD = gnu99;
				GCC_NO_COMMON_BLOCKS = YES;
				GCC_WARN_64_TO_32_BIT_CONVERSION = YES;
				GCC_WARN_ABOUT_RETURN_TYPE = YES_ERROR;
				GCC_WARN_UNDECLARED_SELECTOR = YES;
				GCC_WARN_UNINITIALIZED_AUTOS = YES_AGGRESSIVE;
				GCC_WARN_UNUSED_FUNCTION = YES;
				GCC_WARN_UNUSED_VARIABLE = YES;
				IPHONEOS_DEPLOYMENT_TARGET = 9.3;
				MTL_ENABLE_DEBUG_INFO = NO;
				SDKROOT = iphoneos;
				VALIDATE_PRODUCT = YES;
			};
			name = Release;
		};
		F7C307B71D0EB5260044177C /* Debug */ = {
			isa = XCBuildConfiguration;
			buildSettings = {
				ASSETCATALOG_COMPILER_APPICON_NAME = AppIcon;
				INFOPLIST_FILE = CLCircleStrokeExample/Info.plist;
				LD_RUNPATH_SEARCH_PATHS = "$(inherited) @executable_path/Frameworks";
				PRODUCT_BUNDLE_IDENTIFIER = cailei.CLCircleStrokeExample;
				PRODUCT_NAME = "$(TARGET_NAME)";
			};
			name = Debug;
		};
		F7C307B81D0EB5260044177C /* Release */ = {
			isa = XCBuildConfiguration;
			buildSettings = {
				ASSETCATALOG_COMPILER_APPICON_NAME = AppIcon;
				INFOPLIST_FILE = CLCircleStrokeExample/Info.plist;
				LD_RUNPATH_SEARCH_PATHS = "$(inherited) @executable_path/Frameworks";
				PRODUCT_BUNDLE_IDENTIFIER = cailei.CLCircleStrokeExample;
				PRODUCT_NAME = "$(TARGET_NAME)";
			};
			name = Release;
		};
		F7C307BA1D0EB5260044177C /* Debug */ = {
			isa = XCBuildConfiguration;
			buildSettings = {
				BUNDLE_LOADER = "$(TEST_HOST)";
				INFOPLIST_FILE = CLCircleStrokeExampleTests/Info.plist;
				LD_RUNPATH_SEARCH_PATHS = "$(inherited) @executable_path/Frameworks @loader_path/Frameworks";
				PRODUCT_BUNDLE_IDENTIFIER = cailei.CLCircleStrokeExampleTests;
				PRODUCT_NAME = "$(TARGET_NAME)";
				TEST_HOST = "$(BUILT_PRODUCTS_DIR)/CLCircleStrokeExample.app/CLCircleStrokeExample";
			};
			name = Debug;
		};
		F7C307BB1D0EB5260044177C /* Release */ = {
			isa = XCBuildConfiguration;
			buildSettings = {
				BUNDLE_LOADER = "$(TEST_HOST)";
				INFOPLIST_FILE = CLCircleStrokeExampleTests/Info.plist;
				LD_RUNPATH_SEARCH_PATHS = "$(inherited) @executable_path/Frameworks @loader_path/Frameworks";
				PRODUCT_BUNDLE_IDENTIFIER = cailei.CLCircleStrokeExampleTests;
				PRODUCT_NAME = "$(TARGET_NAME)";
				TEST_HOST = "$(BUILT_PRODUCTS_DIR)/CLCircleStrokeExample.app/CLCircleStrokeExample";
			};
			name = Release;
		};
/* End XCBuildConfiguration section */

/* Begin XCConfigurationList section */
		F7C307941D0EB5260044177C /* Build configuration list for PBXProject "CLCircleStrokeExample" */ = {
			isa = XCConfigurationList;
			buildConfigurations = (
				F7C307B41D0EB5260044177C /* Debug */,
				F7C307B51D0EB5260044177C /* Release */,
			);
			defaultConfigurationIsVisible = 0;
			defaultConfigurationName = Release;
		};
		F7C307B61D0EB5260044177C /* Build configuration list for PBXNativeTarget "CLCircleStrokeExample" */ = {
			isa = XCConfigurationList;
			buildConfigurations = (
				F7C307B71D0EB5260044177C /* Debug */,
				F7C307B81D0EB5260044177C /* Release */,
			);
			defaultConfigurationIsVisible = 0;
			defaultConfigurationName = Release;
		};
		F7C307B91D0EB5260044177C /* Build configuration list for PBXNativeTarget "CLCircleStrokeExampleTests" */ = {
			isa = XCConfigurationList;
			buildConfigurations = (
				F7C307BA1D0EB5260044177C /* Debug */,
				F7C307BB1D0EB5260044177C /* Release */,
			);
			defaultConfigurationIsVisible = 0;
			defaultConfigurationName = Release;
		};
/* End XCConfigurationList section */
	};
	rootObject = F7C307911D0EB5260044177C /* Project object */;
}
